
Microsoft Visual Studio Solution File, Format Version 12.00
# Visual Studio 15
VisualStudioVersion = 15.0.27004.2009
MinimumVisualStudioVersion = 10.0.40219.1
Project("{FAE04EC0-301F-11D3-BF4B-00C04F79EFBC}") = "ComicVine.UWP", "ComicVine\UWP\ComicVine.UWP.csproj", "{6A61286D-FB06-48A4-AB0B-F57553C37F18}"
EndProject
Project("{FAE04EC0-301F-11D3-BF4B-00C04F79EFBC}") = "ComicVine.Android", "ComicVine\Android\ComicVine.Android.csproj", "{67C1F698-CF57-4816-9CBE-108089C41EA4}"
EndProject
Project("{FAE04EC0-301F-11D3-BF4B-00C04F79EFBC}") = "ComicVine.iOS", "ComicVine\iOS\ComicVine.iOS.csproj", "{CE0A0C70-5E3B-4F85-96F7-2F3CA59308DD}"
EndProject
Project("{FAE04EC0-301F-11D3-BF4B-00C04F79EFBC}") = "ComicVine.Forms", "ComicVine.Forms\ComicVine.Forms.csproj", "{44C0DACF-D926-4163-9D62-796D287D27B6}"
EndProject
Global
	GlobalSection(SolutionConfigurationPlatforms) = preSolution
		Ad-Hoc|Any CPU = Ad-Hoc|Any CPU
		Ad-Hoc|ARM = Ad-Hoc|ARM
		Ad-Hoc|iPhone = Ad-Hoc|iPhone
		Ad-Hoc|iPhoneSimulator = Ad-Hoc|iPhoneSimulator
		Ad-Hoc|x64 = Ad-Hoc|x64
		Ad-Hoc|x86 = Ad-Hoc|x86
		AppStore|Any CPU = AppStore|Any CPU
		AppStore|ARM = AppStore|ARM
		AppStore|iPhone = AppStore|iPhone
		AppStore|iPhoneSimulator = AppStore|iPhoneSimulator
		AppStore|x64 = AppStore|x64
		AppStore|x86 = AppStore|x86
		Debug|Any CPU = Debug|Any CPU
		Debug|ARM = Debug|ARM
		Debug|iPhone = Debug|iPhone
		Debug|iPhoneSimulator = Debug|iPhoneSimulator
		Debug|x64 = Debug|x64
		Debug|x86 = Debug|x86
		Release|Any CPU = Release|Any CPU
		Release|ARM = Release|ARM
		Release|iPhone = Release|iPhone
		Release|iPhoneSimulator = Release|iPhoneSimulator
		Release|x64 = Release|x64
		Release|x86 = Release|x86
	EndGlobalSection
	GlobalSection(ProjectConfigurationPlatforms) = postSolution
		{6A61286D-FB06-48A4-AB0B-F57553C37F18}.Ad-Hoc|Any CPU.ActiveCfg = Release|x86
		{6A61286D-FB06-48A4-AB0B-F57553C37F18}.Ad-Hoc|Any CPU.Build.0 = Release|x86
		{6A61286D-FB06-48A4-AB0B-F57553C37F18}.Ad-Hoc|Any CPU.Deploy.0 = Release|x86
		{6A61286D-FB06-48A4-AB0B-F57553C37F18}.Ad-Hoc|ARM.ActiveCfg = Release|ARM
		{6A61286D-FB06-48A4-AB0B-F57553C37F18}.Ad-Hoc|ARM.Build.0 = Release|ARM
		{6A61286D-FB06-48A4-AB0B-F57553C37F18}.Ad-Hoc|ARM.Deploy.0 = Release|ARM
		{6A61286D-FB06-48A4-AB0B-F57553C37F18}.Ad-Hoc|iPhone.ActiveCfg = Release|x86
		{6A61286D-FB06-48A4-AB0B-F57553C37F18}.Ad-Hoc|iPhone.Build.0 = Release|x86
		{6A61286D-FB06-48A4-AB0B-F57553C37F18}.Ad-Hoc|iPhone.Deploy.0 = Release|x86
		{6A61286D-FB06-48A4-AB0B-F57553C37F18}.Ad-Hoc|iPhoneSimulator.ActiveCfg = Release|x86
		{6A61286D-FB06-48A4-AB0B-F57553C37F18}.Ad-Hoc|iPhoneSimulator.Build.0 = Release|x86
		{6A61286D-FB06-48A4-AB0B-F57553C37F18}.Ad-Hoc|iPhoneSimulator.Deploy.0 = Release|x86
		{6A61286D-FB06-48A4-AB0B-F57553C37F18}.Ad-Hoc|x64.ActiveCfg = Release|x64
		{6A61286D-FB06-48A4-AB0B-F57553C37F18}.Ad-Hoc|x64.Build.0 = Release|x64
		{6A61286D-FB06-48A4-AB0B-F57553C37F18}.Ad-Hoc|x64.Deploy.0 = Release|x64
		{6A61286D-FB06-48A4-AB0B-F57553C37F18}.Ad-Hoc|x86.ActiveCfg = Release|x86
		{6A61286D-FB06-48A4-AB0B-F57553C37F18}.Ad-Hoc|x86.Build.0 = Release|x86
		{6A61286D-FB06-48A4-AB0B-F57553C37F18}.Ad-Hoc|x86.Deploy.0 = Release|x86
		{6A61286D-FB06-48A4-AB0B-F57553C37F18}.AppStore|Any CPU.ActiveCfg = Release|x86
		{6A61286D-FB06-48A4-AB0B-F57553C37F18}.AppStore|Any CPU.Build.0 = Release|x86
		{6A61286D-FB06-48A4-AB0B-F57553C37F18}.AppStore|Any CPU.Deploy.0 = Release|x86
		{6A61286D-FB06-48A4-AB0B-F57553C37F18}.AppStore|ARM.ActiveCfg = Release|ARM
		{6A61286D-FB06-48A4-AB0B-F57553C37F18}.AppStore|ARM.Build.0 = Release|ARM
		{6A61286D-FB06-48A4-AB0B-F57553C37F18}.AppStore|ARM.Deploy.0 = Release|ARM
		{6A61286D-FB06-48A4-AB0B-F57553C37F18}.AppStore|iPhone.ActiveCfg = Release|x86
		{6A61286D-FB06-48A4-AB0B-F57553C37F18}.AppStore|iPhone.Build.0 = Release|x86
		{6A61286D-FB06-48A4-AB0B-F57553C37F18}.AppStore|iPhone.Deploy.0 = Release|x86
		{6A61286D-FB06-48A4-AB0B-F57553C37F18}.AppStore|iPhoneSimulator.ActiveCfg = Release|x86
		{6A61286D-FB06-48A4-AB0B-F57553C37F18}.AppStore|iPhoneSimulator.Build.0 = Release|x86
		{6A61286D-FB06-48A4-AB0B-F57553C37F18}.AppStore|iPhoneSimulator.Deploy.0 = Release|x86
		{6A61286D-FB06-48A4-AB0B-F57553C37F18}.AppStore|x64.ActiveCfg = Release|x64
		{6A61286D-FB06-48A4-AB0B-F57553C37F18}.AppStore|x64.Build.0 = Release|x64
		{6A61286D-FB06-48A4-AB0B-F57553C37F18}.AppStore|x64.Deploy.0 = Release|x64
		{6A61286D-FB06-48A4-AB0B-F57553C37F18}.AppStore|x86.ActiveCfg = Release|x86
		{6A61286D-FB06-48A4-AB0B-F57553C37F18}.AppStore|x86.Build.0 = Release|x86
		{6A61286D-FB06-48A4-AB0B-F57553C37F18}.AppStore|x86.Deploy.0 = Release|x86
		{6A61286D-FB06-48A4-AB0B-F57553C37F18}.Debug|Any CPU.ActiveCfg = Debug|x86
		{6A61286D-FB06-48A4-AB0B-F57553C37F18}.Debug|ARM.ActiveCfg = Debug|ARM
		{6A61286D-FB06-48A4-AB0B-F57553C37F18}.Debug|ARM.Build.0 = Debug|ARM
		{6A61286D-FB06-48A4-AB0B-F57553C37F18}.Debug|ARM.Deploy.0 = Debug|ARM
		{6A61286D-FB06-48A4-AB0B-F57553C37F18}.Debug|iPhone.ActiveCfg = Debug|x86
		{6A61286D-FB06-48A4-AB0B-F57553C37F18}.Debug|iPhoneSimulator.ActiveCfg = Debug|x86
		{6A61286D-FB06-48A4-AB0B-F57553C37F18}.Debug|x64.ActiveCfg = Debug|x64
		{6A61286D-FB06-48A4-AB0B-F57553C37F18}.Debug|x64.Build.0 = Debug|x64
		{6A61286D-FB06-48A4-AB0B-F57553C37F18}.Debug|x64.Deploy.0 = Debug|x64
		{6A61286D-FB06-48A4-AB0B-F57553C37F18}.Debug|x86.ActiveCfg = Debug|x86
		{6A61286D-FB06-48A4-AB0B-F57553C37F18}.Debug|x86.Build.0 = Debug|x86
		{6A61286D-FB06-48A4-AB0B-F57553C37F18}.Debug|x86.Deploy.0 = Debug|x86
		{6A61286D-FB06-48A4-AB0B-F57553C37F18}.Release|Any CPU.ActiveCfg = Release|x86
		{6A61286D-FB06-48A4-AB0B-F57553C37F18}.Release|ARM.ActiveCfg = Release|ARM
		{6A61286D-FB06-48A4-AB0B-F57553C37F18}.Release|ARM.Build.0 = Release|ARM
		{6A61286D-FB06-48A4-AB0B-F57553C37F18}.Release|ARM.Deploy.0 = Release|ARM
		{6A61286D-FB06-48A4-AB0B-F57553C37F18}.Release|iPhone.ActiveCfg = Release|x86
		{6A61286D-FB06-48A4-AB0B-F57553C37F18}.Release|iPhoneSimulator.ActiveCfg = Release|x86
		{6A61286D-FB06-48A4-AB0B-F57553C37F18}.Release|x64.ActiveCfg = Release|x64
		{6A61286D-FB06-48A4-AB0B-F57553C37F18}.Release|x64.Build.0 = Release|x64
		{6A61286D-FB06-48A4-AB0B-F57553C37F18}.Release|x64.Deploy.0 = Release|x64
		{6A61286D-FB06-48A4-AB0B-F57553C37F18}.Release|x86.ActiveCfg = Release|x86
		{6A61286D-FB06-48A4-AB0B-F57553C37F18}.Release|x86.Build.0 = Release|x86
		{6A61286D-FB06-48A4-AB0B-F57553C37F18}.Release|x86.Deploy.0 = Release|x86
		{67C1F698-CF57-4816-9CBE-108089C41EA4}.Ad-Hoc|Any CPU.ActiveCfg = Release|Any CPU
		{67C1F698-CF57-4816-9CBE-108089C41EA4}.Ad-Hoc|Any CPU.Build.0 = Release|Any CPU
		{67C1F698-CF57-4816-9CBE-108089C41EA4}.Ad-Hoc|Any CPU.Deploy.0 = Release|Any CPU
		{67C1F698-CF57-4816-9CBE-108089C41EA4}.Ad-Hoc|ARM.ActiveCfg = Release|Any CPU
		{67C1F698-CF57-4816-9CBE-108089C41EA4}.Ad-Hoc|ARM.Build.0 = Release|Any CPU
		{67C1F698-CF57-4816-9CBE-108089C41EA4}.Ad-Hoc|ARM.Deploy.0 = Release|Any CPU
		{67C1F698-CF57-4816-9CBE-108089C41EA4}.Ad-Hoc|iPhone.ActiveCfg = Release|Any CPU
		{67C1F698-CF57-4816-9CBE-108089C41EA4}.Ad-Hoc|iPhone.Build.0 = Release|Any CPU
		{67C1F698-CF57-4816-9CBE-108089C41EA4}.Ad-Hoc|iPhone.Deploy.0 = Release|Any CPU
		{67C1F698-CF57-4816-9CBE-108089C41EA4}.Ad-Hoc|iPhoneSimulator.ActiveCfg = Release|Any CPU
		{67C1F698-CF57-4816-9CBE-108089C41EA4}.Ad-Hoc|iPhoneSimulator.Build.0 = Release|Any CPU
		{67C1F698-CF57-4816-9CBE-108089C41EA4}.Ad-Hoc|iPhoneSimulator.Deploy.0 = Release|Any CPU
		{67C1F698-CF57-4816-9CBE-108089C41EA4}.Ad-Hoc|x64.ActiveCfg = Release|Any CPU
		{67C1F698-CF57-4816-9CBE-108089C41EA4}.Ad-Hoc|x64.Build.0 = Release|Any CPU
		{67C1F698-CF57-4816-9CBE-108089C41EA4}.Ad-Hoc|x64.Deploy.0 = Release|Any CPU
		{67C1F698-CF57-4816-9CBE-108089C41EA4}.Ad-Hoc|x86.ActiveCfg = Release|Any CPU
		{67C1F698-CF57-4816-9CBE-108089C41EA4}.Ad-Hoc|x86.Build.0 = Release|Any CPU
		{67C1F698-CF57-4816-9CBE-108089C41EA4}.Ad-Hoc|x86.Deploy.0 = Release|Any CPU
		{67C1F698-CF57-4816-9CBE-108089C41EA4}.AppStore|Any CPU.ActiveCfg = Release|Any CPU
		{67C1F698-CF57-4816-9CBE-108089C41EA4}.AppStore|Any CPU.Build.0 = Release|Any CPU
		{67C1F698-CF57-4816-9CBE-108089C41EA4}.AppStore|Any CPU.Deploy.0 = Release|Any CPU
		{67C1F698-CF57-4816-9CBE-108089C41EA4}.AppStore|ARM.ActiveCfg = Release|Any CPU
		{67C1F698-CF57-4816-9CBE-108089C41EA4}.AppStore|ARM.Build.0 = Release|Any CPU
		{67C1F698-CF57-4816-9CBE-108089C41EA4}.AppStore|ARM.Deploy.0 = Release|Any CPU
		{67C1F698-CF57-4816-9CBE-108089C41EA4}.AppStore|iPhone.ActiveCfg = Release|Any CPU
		{67C1F698-CF57-4816-9CBE-108089C41EA4}.AppStore|iPhone.Build.0 = Release|Any CPU
		{67C1F698-CF57-4816-9CBE-108089C41EA4}.AppStore|iPhone.Deploy.0 = Release|Any CPU
		{67C1F698-CF57-4816-9CBE-108089C41EA4}.AppStore|iPhoneSimulator.ActiveCfg = Release|Any CPU
		{67C1F698-CF57-4816-9CBE-108089C41EA4}.AppStore|iPhoneSimulator.Build.0 = Release|Any CPU
		{67C1F698-CF57-4816-9CBE-108089C41EA4}.AppStore|iPhoneSimulator.Deploy.0 = Release|Any CPU
		{67C1F698-CF57-4816-9CBE-108089C41EA4}.AppStore|x64.ActiveCfg = Release|Any CPU
		{67C1F698-CF57-4816-9CBE-108089C41EA4}.AppStore|x64.Build.0 = Release|Any CPU
		{67C1F698-CF57-4816-9CBE-108089C41EA4}.AppStore|x64.Deploy.0 = Release|Any CPU
		{67C1F698-CF57-4816-9CBE-108089C41EA4}.AppStore|x86.ActiveCfg = Release|Any CPU
		{67C1F698-CF57-4816-9CBE-108089C41EA4}.AppStore|x86.Build.0 = Release|Any CPU
		{67C1F698-CF57-4816-9CBE-108089C41EA4}.AppStore|x86.Deploy.0 = Release|Any CPU
		{67C1F698-CF57-4816-9CBE-108089C41EA4}.Debug|Any CPU.ActiveCfg = Debug|Any CPU
		{67C1F698-CF57-4816-9CBE-108089C41EA4}.Debug|Any CPU.Build.0 = Debug|Any CPU
		{67C1F698-CF57-4816-9CBE-108089C41EA4}.Debug|Any CPU.Deploy.0 = Debug|Any CPU
		{67C1F698-CF57-4816-9CBE-108089C41EA4}.Debug|ARM.ActiveCfg = Debug|Any CPU
		{67C1F698-CF57-4816-9CBE-108089C41EA4}.Debug|ARM.Build.0 = Debug|Any CPU
		{67C1F698-CF57-4816-9CBE-108089C41EA4}.Debug|ARM.Deploy.0 = Debug|Any CPU
		{67C1F698-CF57-4816-9CBE-108089C41EA4}.Debug|iPhone.ActiveCfg = Debug|Any CPU
		{67C1F698-CF57-4816-9CBE-108089C41EA4}.Debug|iPhone.Build.0 = Debug|Any CPU
		{67C1F698-CF57-4816-9CBE-108089C41EA4}.Debug|iPhone.Deploy.0 = Debug|Any CPU
		{67C1F698-CF57-4816-9CBE-108089C41EA4}.Debug|iPhoneSimulator.ActiveCfg = Debug|Any CPU
		{67C1F698-CF57-4816-9CBE-108089C41EA4}.Debug|iPhoneSimulator.Build.0 = Debug|Any CPU
		{67C1F698-CF57-4816-9CBE-108089C41EA4}.Debug|iPhoneSimulator.Deploy.0 = Debug|Any CPU
		{67C1F698-CF57-4816-9CBE-108089C41EA4}.Debug|x64.ActiveCfg = Debug|Any CPU
		{67C1F698-CF57-4816-9CBE-108089C41EA4}.Debug|x64.Build.0 = Debug|Any CPU
		{67C1F698-CF57-4816-9CBE-108089C41EA4}.Debug|x64.Deploy.0 = Debug|Any CPU
		{67C1F698-CF57-4816-9CBE-108089C41EA4}.Debug|x86.ActiveCfg = Debug|Any CPU
		{67C1F698-CF57-4816-9CBE-108089C41EA4}.Debug|x86.Build.0 = Debug|Any CPU
		{67C1F698-CF57-4816-9CBE-108089C41EA4}.Debug|x86.Deploy.0 = Debug|Any CPU
		{67C1F698-CF57-4816-9CBE-108089C41EA4}.Release|Any CPU.ActiveCfg = Release|Any CPU
		{67C1F698-CF57-4816-9CBE-108089C41EA4}.Release|Any CPU.Build.0 = Release|Any CPU
		{67C1F698-CF57-4816-9CBE-108089C41EA4}.Release|Any CPU.Deploy.0 = Release|Any CPU
		{67C1F698-CF57-4816-9CBE-108089C41EA4}.Release|ARM.ActiveCfg = Release|Any CPU
		{67C1F698-CF57-4816-9CBE-108089C41EA4}.Release|ARM.Build.0 = Release|Any CPU
		{67C1F698-CF57-4816-9CBE-108089C41EA4}.Release|ARM.Deploy.0 = Release|Any CPU
		{67C1F698-CF57-4816-9CBE-108089C41EA4}.Release|iPhone.ActiveCfg = Release|Any CPU
		{67C1F698-CF57-4816-9CBE-108089C41EA4}.Release|iPhone.Build.0 = Release|Any CPU
		{67C1F698-CF57-4816-9CBE-108089C41EA4}.Release|iPhone.Deploy.0 = Release|Any CPU
		{67C1F698-CF57-4816-9CBE-108089C41EA4}.Release|iPhoneSimulator.ActiveCfg = Release|Any CPU
		{67C1F698-CF57-4816-9CBE-108089C41EA4}.Release|iPhoneSimulator.Build.0 = Release|Any CPU
		{67C1F698-CF57-4816-9CBE-108089C41EA4}.Release|iPhoneSimulator.Deploy.0 = Release|Any CPU
		{67C1F698-CF57-4816-9CBE-108089C41EA4}.Release|x64.ActiveCfg = Release|Any CPU
		{67C1F698-CF57-4816-9CBE-108089C41EA4}.Release|x64.Build.0 = Release|Any CPU
		{67C1F698-CF57-4816-9CBE-108089C41EA4}.Release|x64.Deploy.0 = Release|Any CPU
		{67C1F698-CF57-4816-9CBE-108089C41EA4}.Release|x86.ActiveCfg = Release|Any CPU
		{67C1F698-CF57-4816-9CBE-108089C41EA4}.Release|x86.Build.0 = Release|Any CPU
		{67C1F698-CF57-4816-9CBE-108089C41EA4}.Release|x86.Deploy.0 = Release|Any CPU
		{CE0A0C70-5E3B-4F85-96F7-2F3CA59308DD}.Ad-Hoc|Any CPU.ActiveCfg = Ad-Hoc|iPhone
		{CE0A0C70-5E3B-4F85-96F7-2F3CA59308DD}.Ad-Hoc|ARM.ActiveCfg = Ad-Hoc|iPhone
		{CE0A0C70-5E3B-4F85-96F7-2F3CA59308DD}.Ad-Hoc|iPhone.ActiveCfg = Ad-Hoc|iPhone
		{CE0A0C70-5E3B-4F85-96F7-2F3CA59308DD}.Ad-Hoc|iPhone.Build.0 = Ad-Hoc|iPhone
		{CE0A0C70-5E3B-4F85-96F7-2F3CA59308DD}.Ad-Hoc|iPhoneSimulator.ActiveCfg = Ad-Hoc|iPhoneSimulator
		{CE0A0C70-5E3B-4F85-96F7-2F3CA59308DD}.Ad-Hoc|iPhoneSimulator.Build.0 = Ad-Hoc|iPhoneSimulator
		{CE0A0C70-5E3B-4F85-96F7-2F3CA59308DD}.Ad-Hoc|x64.ActiveCfg = Ad-Hoc|iPhone
		{CE0A0C70-5E3B-4F85-96F7-2F3CA59308DD}.Ad-Hoc|x86.ActiveCfg = Ad-Hoc|iPhone
		{CE0A0C70-5E3B-4F85-96F7-2F3CA59308DD}.AppStore|Any CPU.ActiveCfg = AppStore|iPhone
		{CE0A0C70-5E3B-4F85-96F7-2F3CA59308DD}.AppStore|ARM.ActiveCfg = AppStore|iPhone
		{CE0A0C70-5E3B-4F85-96F7-2F3CA59308DD}.AppStore|iPhone.ActiveCfg = AppStore|iPhone
		{CE0A0C70-5E3B-4F85-96F7-2F3CA59308DD}.AppStore|iPhone.Build.0 = AppStore|iPhone
		{CE0A0C70-5E3B-4F85-96F7-2F3CA59308DD}.AppStore|iPhoneSimulator.ActiveCfg = AppStore|iPhoneSimulator
		{CE0A0C70-5E3B-4F85-96F7-2F3CA59308DD}.AppStore|iPhoneSimulator.Build.0 = AppStore|iPhoneSimulator
		{CE0A0C70-5E3B-4F85-96F7-2F3CA59308DD}.AppStore|x64.ActiveCfg = AppStore|iPhone
		{CE0A0C70-5E3B-4F85-96F7-2F3CA59308DD}.AppStore|x86.ActiveCfg = AppStore|iPhone
		{CE0A0C70-5E3B-4F85-96F7-2F3CA59308DD}.Debug|Any CPU.ActiveCfg = Debug|iPhone
		{CE0A0C70-5E3B-4F85-96F7-2F3CA59308DD}.Debug|ARM.ActiveCfg = Debug|iPhone
		{CE0A0C70-5E3B-4F85-96F7-2F3CA59308DD}.Debug|iPhone.ActiveCfg = Debug|iPhone
		{CE0A0C70-5E3B-4F85-96F7-2F3CA59308DD}.Debug|iPhone.Build.0 = Debug|iPhone
		{CE0A0C70-5E3B-4F85-96F7-2F3CA59308DD}.Debug|iPhoneSimulator.ActiveCfg = Debug|iPhoneSimulator
		{CE0A0C70-5E3B-4F85-96F7-2F3CA59308DD}.Debug|iPhoneSimulator.Build.0 = Debug|iPhoneSimulator
		{CE0A0C70-5E3B-4F85-96F7-2F3CA59308DD}.Debug|x64.ActiveCfg = Debug|iPhone
		{CE0A0C70-5E3B-4F85-96F7-2F3CA59308DD}.Debug|x86.ActiveCfg = Debug|iPhone
		{CE0A0C70-5E3B-4F85-96F7-2F3CA59308DD}.Release|Any CPU.ActiveCfg = Release|iPhone
		{CE0A0C70-5E3B-4F85-96F7-2F3CA59308DD}.Release|ARM.ActiveCfg = Release|iPhone
		{CE0A0C70-5E3B-4F85-96F7-2F3CA59308DD}.Release|iPhone.ActiveCfg = Release|iPhone
		{CE0A0C70-5E3B-4F85-96F7-2F3CA59308DD}.Release|iPhone.Build.0 = Release|iPhone
		{CE0A0C70-5E3B-4F85-96F7-2F3CA59308DD}.Release|iPhoneSimulator.ActiveCfg = Release|iPhoneSimulator
		{CE0A0C70-5E3B-4F85-96F7-2F3CA59308DD}.Release|iPhoneSimulator.Build.0 = Release|iPhoneSimulator
		{CE0A0C70-5E3B-4F85-96F7-2F3CA59308DD}.Release|x64.ActiveCfg = Release|iPhone
		{CE0A0C70-5E3B-4F85-96F7-2F3CA59308DD}.Release|x86.ActiveCfg = Release|iPhone
		{44C0DACF-D926-4163-9D62-796D287D27B6}.Ad-Hoc|Any CPU.ActiveCfg = Debug|Any CPU
		{44C0DACF-D926-4163-9D62-796D287D27B6}.Ad-Hoc|Any CPU.Build.0 = Debug|Any CPU
		{44C0DACF-D926-4163-9D62-796D287D27B6}.Ad-Hoc|ARM.ActiveCfg = Debug|Any CPU
		{44C0DACF-D926-4163-9D62-796D287D27B6}.Ad-Hoc|ARM.Build.0 = Debug|Any CPU
		{44C0DACF-D926-4163-9D62-796D287D27B6}.Ad-Hoc|iPhone.ActiveCfg = Debug|Any CPU
		{44C0DACF-D926-4163-9D62-796D287D27B6}.Ad-Hoc|iPhone.Build.0 = Debug|Any CPU
		{44C0DACF-D926-4163-9D62-796D287D27B6}.Ad-Hoc|iPhoneSimulator.ActiveCfg = Debug|Any CPU
		{44C0DACF-D926-4163-9D62-796D287D27B6}.Ad-Hoc|iPhoneSimulator.Build.0 = Debug|Any CPU
		{44C0DACF-D926-4163-9D62-796D287D27B6}.Ad-Hoc|x64.ActiveCfg = Debug|Any CPU
		{44C0DACF-D926-4163-9D62-796D287D27B6}.Ad-Hoc|x64.Build.0 = Debug|Any CPU
		{44C0DACF-D926-4163-9D62-796D287D27B6}.Ad-Hoc|x86.ActiveCfg = Debug|Any CPU
		{44C0DACF-D926-4163-9D62-796D287D27B6}.Ad-Hoc|x86.Build.0 = Debug|Any CPU
		{44C0DACF-D926-4163-9D62-796D287D27B6}.AppStore|Any CPU.ActiveCfg = Debug|Any CPU
		{44C0DACF-D926-4163-9D62-796D287D27B6}.AppStore|Any CPU.Build.0 = Debug|Any CPU
		{44C0DACF-D926-4163-9D62-796D287D27B6}.AppStore|ARM.ActiveCfg = Debug|Any CPU
		{44C0DACF-D926-4163-9D62-796D287D27B6}.AppStore|ARM.Build.0 = Debug|Any CPU
		{44C0DACF-D926-4163-9D62-796D287D27B6}.AppStore|iPhone.ActiveCfg = Debug|Any CPU
		{44C0DACF-D926-4163-9D62-796D287D27B6}.AppStore|iPhone.Build.0 = Debug|Any CPU
		{44C0DACF-D926-4163-9D62-796D287D27B6}.AppStore|iPhoneSimulator.ActiveCfg = Debug|Any CPU
		{44C0DACF-D926-4163-9D62-796D287D27B6}.AppStore|iPhoneSimulator.Build.0 = Debug|Any CPU
		{44C0DACF-D926-4163-9D62-796D287D27B6}.AppStore|x64.ActiveCfg = Debug|Any CPU
		{44C0DACF-D926-4163-9D62-796D287D27B6}.AppStore|x64.Build.0 = Debug|Any CPU
		{44C0DACF-D926-4163-9D62-796D287D27B6}.AppStore|x86.ActiveCfg = Debug|Any CPU
		{44C0DACF-D926-4163-9D62-796D287D27B6}.AppStore|x86.Build.0 = Debug|Any CPU
		{44C0DACF-D926-4163-9D62-796D287D27B6}.Debug|Any CPU.ActiveCfg = Debug|Any CPU
		{44C0DACF-D926-4163-9D62-796D287D27B6}.Debug|Any CPU.Build.0 = Debug|Any CPU
		{44C0DACF-D926-4163-9D62-796D287D27B6}.Debug|ARM.ActiveCfg = Debug|Any CPU
		{44C0DACF-D926-4163-9D62-796D287D27B6}.Debug|ARM.Build.0 = Debug|Any CPU
		{44C0DACF-D926-4163-9D62-796D287D27B6}.Debug|iPhone.ActiveCfg = Debug|Any CPU
		{44C0DACF-D926-4163-9D62-796D287D27B6}.Debug|iPhone.Build.0 = Debug|Any CPU
		{44C0DACF-D926-4163-9D62-796D287D27B6}.Debug|iPhoneSimulator.ActiveCfg = Debug|Any CPU
		{44C0DACF-D926-4163-9D62-796D287D27B6}.Debug|iPhoneSimulator.Build.0 = Debug|Any CPU
		{44C0DACF-D926-4163-9D62-796D287D27B6}.Debug|x64.ActiveCfg = Debug|Any CPU
		{44C0DACF-D926-4163-9D62-796D287D27B6}.Debug|x64.Build.0 = Debug|Any CPU
		{44C0DACF-D926-4163-9D62-796D287D27B6}.Debug|x86.ActiveCfg = Debug|Any CPU
		{44C0DACF-D926-4163-9D62-796D287D27B6}.Debug|x86.Build.0 = Debug|Any CPU
		{44C0DACF-D926-4163-9D62-796D287D27B6}.Release|Any CPU.ActiveCfg = Release|Any CPU
		{44C0DACF-D926-4163-9D62-796D287D27B6}.Release|Any CPU.Build.0 = Release|Any CPU
		{44C0DACF-D926-4163-9D62-796D287D27B6}.Release|ARM.ActiveCfg = Release|Any CPU
		{44C0DACF-D926-4163-9D62-796D287D27B6}.Release|ARM.Build.0 = Release|Any CPU
		{44C0DACF-D926-4163-9D62-796D287D27B6}.Release|iPhone.ActiveCfg = Release|Any CPU
		{44C0DACF-D926-4163-9D62-796D287D27B6}.Release|iPhone.Build.0 = Release|Any CPU
		{44C0DACF-D926-4163-9D62-796D287D27B6}.Release|iPhoneSimulator.ActiveCfg = Release|Any CPU
		{44C0DACF-D926-4163-9D62-796D287D27B6}.Release|iPhoneSimulator.Build.0 = Release|Any CPU
		{44C0DACF-D926-4163-9D62-796D287D27B6}.Release|x64.ActiveCfg = Release|Any CPU
		{44C0DACF-D926-4163-9D62-796D287D27B6}.Release|x64.Build.0 = Release|Any CPU
		{44C0DACF-D926-4163-9D62-796D287D27B6}.Release|x86.ActiveCfg = Release|Any CPU
		{44C0DACF-D926-4163-9D62-796D287D27B6}.Release|x86.Build.0 = Release|Any CPU
	EndGlobalSection
	GlobalSection(SolutionProperties) = preSolution
		HideSolutionNode = FALSE
	EndGlobalSection
	GlobalSection(ExtensibilityGlobals) = postSolution
		SolutionGuid = {B8F3B454-A11C-4238-81A4-C2B4F4919946}
	EndGlobalSection
EndGlobal
